<?xml version="1.0" encoding="utf-8"?>
<Project ToolsVersion="4.0" xmlns="http://schemas.microsoft.com/developer/msbuild/2003">
  <ItemGroup>
    <Filter Include="Source Files">
      <UniqueIdentifier>{4FC737F1-C7A5-4376-A066-2A32D752A2FF}</UniqueIdentifier>
      <Extensions>qml;cpp;c;cc;cxx;def;odl;idl;hpj;bat;asm;asmx</Extensions>
    </Filter>
    <Filter Include="Header Files">
      <UniqueIdentifier>{93995380-89BD-4b04-88EB-625FBE52EBFB}</UniqueIdentifier>
      <Extensions>h;hh;hpp;hxx;hm;inl;inc;xsd</Extensions>
    </Filter>
    <Filter Include="Resource Files">
      <UniqueIdentifier>{67DA6AB6-F800-4c08-8B7A-83BB121AAD01}</UniqueIdentifier>
      <Extensions>qrc;rc;ico;cur;bmp;dlg;rc2;rct;bin;rgs;gif;jpg;jpeg;jpe;resx;tiff;tif;png;wav;mfcribbon-ms</Extensions>
    </Filter>
    <Filter Include="Form Files">
      <UniqueIdentifier>{99349809-55BA-4b9d-BF79-8FDBB0286EB3}</UniqueIdentifier>
      <Extensions>ui</Extensions>
    </Filter>
    <Filter Include="Translation Files">
      <UniqueIdentifier>{639EADAA-A684-42e4-A9AD-28FC9BCB8F7C}</UniqueIdentifier>
      <Extensions>ts</Extensions>
    </Filter>
  </ItemGroup>
  <ItemGroup>
    <QtMoc Include="include\UFO.h">
      <Filter>Header Files</Filter>
    </QtMoc>
    <QtMoc Include="include\display.h">
      <Filter>Header Files</Filter>
    </QtMoc>
    <QtMoc Include="include\CCDSetUserface.h">
      <Filter>Header Files</Filter>
    </QtMoc>
    <QtMoc Include="include\acquisitionworker.h">
      <Filter>Header Files</Filter>
    </QtMoc>
    <QtMoc Include="include\DireButton.h">
      <Filter>Header Files</Filter>
    </QtMoc>
    <QtMoc Include="include\piRealpos.h">
      <Filter>Header Files</Filter>
    </QtMoc>
    <QtMoc Include="include\dataSortgap.h">
      <Filter>Header Files</Filter>
    </QtMoc>
    <QtMoc Include="include\MarkCorrType.h">
      <Filter>Header Files</Filter>
    </QtMoc>
    <QtMoc Include="include\laserSet.h">
      <Filter>Header Files</Filter>
    </QtMoc>
    <QtMoc Include="include\MarkAreaSet1.h">
      <Filter>Header Files</Filter>
    </QtMoc>
    <QtMoc Include="include\MarkAreaSet2.h">
      <Filter>Header Files</Filter>
    </QtMoc>
    <QtMoc Include="include\MarkParaSet.h">
      <Filter>Header Files</Filter>
    </QtMoc>
    <QtMoc Include="include\MarkImplement.h">
      <Filter>Header Files</Filter>
    </QtMoc>
    <QtMoc Include="include\SystemInfo.h">
      <Filter>Header Files</Filter>
    </QtMoc>
    <QtMoc Include="include\DataSortThread.h">
      <Filter>Header Files</Filter>
    </QtMoc>
    <QtMoc Include="include\MarkData.h">
      <Filter>Header Files</Filter>
    </QtMoc>
    <QtMoc Include="include\DataVisual.h">
      <Filter>Header Files</Filter>
    </QtMoc>
    <QtMoc Include="include\piControl.h">
      <Filter>Header Files</Filter>
    </QtMoc>
    <QtMoc Include="include\shutterControl.h">
      <Filter>Header Files</Filter>
    </QtMoc>
    <QtMoc Include="include\MarkControl.h">
      <Filter>Header Files</Filter>
    </QtMoc>
  </ItemGroup>
  <ItemGroup>
    <ClCompile Include="src\main.cpp">
      <Filter>Source Files</Filter>
    </ClCompile>
    <ClCompile Include="src\UFO.cpp">
      <Filter>Source Files</Filter>
    </ClCompile>
    <ClCompile Include="src\acquisitionworker.cpp">
      <Filter>Source Files</Filter>
    </ClCompile>
    <ClCompile Include="src\backend.c">
      <Filter>Source Files</Filter>
    </ClCompile>
    <ClCompile Include="src\display.cpp">
      <Filter>Source Files</Filter>
    </ClCompile>
    <ClCompile Include="src\CCDSetUserface.cpp">
      <Filter>Source Files</Filter>
    </ClCompile>
    <ClCompile Include="src\DireButton.cpp">
      <Filter>Source Files</Filter>
    </ClCompile>
    <ClCompile Include="src\piRealpos.cpp">
      <Filter>Source Files</Filter>
    </ClCompile>
    <ClCompile Include="src\dataSortgap.cpp">
      <Filter>Source Files</Filter>
    </ClCompile>
    <ClCompile Include="src\MarkCorrType.cpp">
      <Filter>Source Files</Filter>
    </ClCompile>
    <ClCompile Include="src\laserSet.cpp">
      <Filter>Source Files</Filter>
    </ClCompile>
    <ClCompile Include="src\MarkAreaSet1.cpp">
      <Filter>Source Files</Filter>
    </ClCompile>
    <ClCompile Include="src\MarkAreaSet2.cpp">
      <Filter>Source Files</Filter>
    </ClCompile>
    <ClCompile Include="src\MarkParaSet.cpp">
      <Filter>Source Files</Filter>
    </ClCompile>
    <ClCompile Include="src\MarkImplement.cpp">
      <Filter>Source Files</Filter>
    </ClCompile>
    <ClCompile Include="src\SystemInfo.cpp">
      <Filter>Source Files</Filter>
    </ClCompile>
    <ClCompile Include="src\DataSortThread.cpp">
      <Filter>Source Files</Filter>
    </ClCompile>
    <ClCompile Include="src\MarkData.cpp">
      <Filter>Source Files</Filter>
    </ClCompile>
    <ClCompile Include="src\DataVisual.cpp">
      <Filter>Source Files</Filter>
    </ClCompile>
    <ClCompile Include="src\piControl.cpp">
      <Filter>Source Files</Filter>
    </ClCompile>
    <ClCompile Include="src\shutterControl.cpp">
      <Filter>Source Files</Filter>
    </ClCompile>
    <ClCompile Include="src\MarkControl.cpp">
      <Filter>Source Files</Filter>
    </ClCompile>
  </ItemGroup>
  <ItemGroup>
    <QtUic Include="ui\UFO.ui">
      <Filter>Form Files</Filter>
    </QtUic>
    <QtUic Include="ui\CCDSetUserface.ui">
      <Filter>Form Files</Filter>
    </QtUic>
    <QtUic Include="ui\DireButton.ui">
      <Filter>Form Files</Filter>
    </QtUic>
    <QtUic Include="ui\dataSortgap.ui">
      <Filter>Form Files</Filter>
    </QtUic>
    <QtUic Include="ui\MarkCorrType.ui">
      <Filter>Form Files</Filter>
    </QtUic>
    <QtUic Include="ui\laserSet.ui">
      <Filter>Form Files</Filter>
    </QtUic>
    <QtUic Include="ui\MarkAreaSet1.ui">
      <Filter>Form Files</Filter>
    </QtUic>
    <QtUic Include="ui\MarkAreaSet2.ui">
      <Filter>Form Files</Filter>
    </QtUic>
    <QtUic Include="ui\MarkParaSet.ui">
      <Filter>Form Files</Filter>
    </QtUic>
    <QtUic Include="ui\MarkImplement.ui">
      <Filter>Form Files</Filter>
    </QtUic>
    <QtUic Include="ui\SystemInfo.ui">
      <Filter>Form Files</Filter>
    </QtUic>
    <QtUic Include="ui\DataVisual.ui">
      <Filter>Form Files</Filter>
    </QtUic>
    <QtUic Include="ui\piControl.ui">
      <Filter>Form Files</Filter>
    </QtUic>
    <QtUic Include="ui\shutterControl.ui">
      <Filter>Form Files</Filter>
    </QtUic>
    <QtUic Include="ui\MarkControl.ui">
      <Filter>Form Files</Filter>
    </QtUic>
  </ItemGroup>
  <ItemGroup>
    <ClInclude Include="include\CSCInterface_dynamicm_loader.h">
      <Filter>Header Files</Filter>
    </ClInclude>
    <ClInclude Include="include\ids_peak_comfort_c.h">
      <Filter>Header Files</Filter>
    </ClInclude>
    <ClInclude Include="include\PI_GCS2_DLL.h">
      <Filter>Header Files</Filter>
    </ClInclude>
    <ClInclude Include="include\PI_GCS2_DLL_dynamicp_loader.h">
      <Filter>Header Files</Filter>
    </ClInclude>
    <ClInclude Include="include\ids_peak_comfort_c_dynamic_loader.h">
      <Filter>Header Files</Filter>
    </ClInclude>
    <ClInclude Include="include\CSCInterface.h">
      <Filter>Header Files</Filter>
    </ClInclude>
    <ClInclude Include="include\backend.h">
      <Filter>Header Files</Filter>
    </ClInclude>
    <ClInclude Include="include\CH375DLL.h">
      <Filter>Header Files</Filter>
    </ClInclude>
    <ClInclude Include="include\CH375DLL_dynamics_loader.h">
      <Filter>Header Files</Filter>
    </ClInclude>
  </ItemGroup>
  <ItemGroup>
    <None Include="depends\CSCInterface.dll" />
    <None Include="depends\FirmwareUpdate_MD_VC140_v3_2_IDS.dll" />
    <None Include="depends\GCBase_MD_VC140_v3_2_IDS.dll" />
    <None Include="depends\GenApi_MD_VC140_v3_2_IDS.dll" />
    <None Include="depends\ids_peak_comfort_c.dll" />
    <None Include="depends\Log_MD_VC140_v3_2_IDS.dll" />
    <None Include="depends\log4cpp_MD_VC140_v3_2_IDS.dll" />
    <None Include="depends\MathParser_MD_VC140_v3_2_IDS.dll" />
    <None Include="depends\NodeMapData_MD_VC140_v3_2_IDS.dll" />
    <None Include="depends\PI_GCS2_DLL.dll" />
    <None Include="depends\XmlParser_MD_VC140_v3_2_IDS.dll" />
    <None Include="ui\UFO.ui.autosave" />
    <None Include="Debug\qmake\temp\.qmake.stash" />
    <None Include="Debug\qmake\temp\54B09D01-ADFC-48F4-846E-E5F241E20F08.UFO.designtime.idx" />
    <None Include="Debug\qmake\temp\moc_predefs.h.cbt" />
    <None Include="Debug\qmake\temp\qtvars.pro" />
    <None Include="Debug\qmake\temp\qtvars_Win32_Debug.props" />
    <None Include="Debug\qmake\qtvars_Win32_Debug.props" />
    <None Include="depends\CH375DLL.DLL" />
  </ItemGroup>
  <ItemGroup>
    <Library Include="lib\CSCInterface.lib" />
    <Library Include="lib\ids_peak_comfort_c.lib" />
    <Library Include="lib\PI_GCS2_DLL.lib" />
    <Library Include="lib\CH375DLL.lib" />
  </ItemGroup>
  <ItemGroup>
    <Image Include="logo\400.ico">
      <Filter>Resource Files</Filter>
    </Image>
    <Image Include="ui\icons\power.png">
      <Filter>Resource Files</Filter>
    </Image>
    <Image Include="ui\icons\logout.png">
      <Filter>Resource Files</Filter>
    </Image>
    <Image Include="ui\icons\open-door.png">
      <Filter>Resource Files</Filter>
    </Image>
    <Image Include="ui\icons\pause.png">
      <Filter>Resource Files</Filter>
    </Image>
    <Image Include="ui\icons\newlybuild.png">
      <Filter>Resource Files</Filter>
    </Image>
    <Image Include="ui\icons\save-one.png">
      <Filter>Resource Files</Filter>
    </Image>
    <Image Include="ui\icons\camera.png">
      <Filter>Resource Files</Filter>
    </Image>
    <Image Include="ui\icons\pi.png">
      <Filter>Resource Files</Filter>
    </Image>
    <Image Include="ui\icons\mark.png">
      <Filter>Resource Files</Filter>
    </Image>
    <Image Include="ui\icons\shutter.png">
      <Filter>Resource Files</Filter>
    </Image>
    <Image Include="ui\icons\analysis.png">
      <Filter>Resource Files</Filter>
    </Image>
    <Image Include="ui\icons\datavisual.png">
      <Filter>Resource Files</Filter>
    </Image>
    <Image Include="ui\icons\edit.png">
      <Filter>Resource Files</Filter>
    </Image>
    <Image Include="ui\icons\run.png">
      <Filter>Resource Files</Filter>
    </Image>
    <Image Include="ui\icons\setting.png">
      <Filter>Resource Files</Filter>
    </Image>
    <Image Include="ui\icons\ufo.png">
      <Filter>Resource Files</Filter>
    </Image>
    <Image Include="ui\icons\refresh.png">
      <Filter>Resource Files</Filter>
    </Image>
    <Image Include="ui\icons\windows.png">
      <Filter>Resource Files</Filter>
    </Image>
  </ItemGroup>
  <ItemGroup>
    <QtRcc Include="ui\UFO.qrc">
      <Filter>Resource Files</Filter>
    </QtRcc>
  </ItemGroup>
  <ItemGroup>
    <Text Include="Debug\qmake\temp\props.txt" />
    <Text Include="Debug\qmake\temp\qtvars.log" />
  </ItemGroup>
</Project>